
Microsoft Visual Studio Solution File, Format Version 12.00
# Visual Studio Version 17
VisualStudioVersion = 17.9.34728.123
MinimumVisualStudioVersion = 10.0.40219.1
Project("{9A19103F-16F7-4668-BE54-9A1E7A4F7556}") = "NanisGuard", "NanisGuard\NanisGuard.csproj", "{46EF314D-90C8-4893-ADC9-F0028C082D67}"
EndProject
Project("{9A19103F-16F7-4668-BE54-9A1E7A4F7556}") = "Test", "Test\Test.csproj", "{05BA3562-8A2C-4880-BA37-58C742EA47E6}"
EndProject
Global
	GlobalSection(SolutionConfigurationPlatforms) = preSolution
		Debug|Any CPU = Debug|Any CPU
		Release|Any CPU = Release|Any CPU
	EndGlobalSection
	GlobalSection(ProjectConfigurationPlatforms) = postSolution
		{46EF314D-90C8-4893-ADC9-F0028C082D67}.Debug|Any CPU.ActiveCfg = Debug|Any CPU
		{46EF314D-90C8-4893-ADC9-F0028C082D67}.Debug|Any CPU.Build.0 = Debug|Any CPU
		{46EF314D-90C8-4893-ADC9-F0028C082D67}.Release|Any CPU.ActiveCfg = Release|Any CPU
		{46EF314D-90C8-4893-ADC9-F0028C082D67}.Release|Any CPU.Build.0 = Release|Any CPU
		{05BA3562-8A2C-4880-BA37-58C742EA47E6}.Debug|Any CPU.ActiveCfg = Debug|Any CPU
		{05BA3562-8A2C-4880-BA37-58C742EA47E6}.Debug|Any CPU.Build.0 = Debug|Any CPU
		{05BA3562-8A2C-4880-BA37-58C742EA47E6}.Release|Any CPU.ActiveCfg = Release|Any CPU
		{05BA3562-8A2C-4880-BA37-58C742EA47E6}.Release|Any CPU.Build.0 = Release|Any CPU
	EndGlobalSection
	GlobalSection(SolutionProperties) = preSolution
		HideSolutionNode = FALSE
	EndGlobalSection
	GlobalSection(ExtensibilityGlobals) = postSolution
		SolutionGuid = {857CAB4B-218F-4D1E-93E0-39FD565FBE4D}
	EndGlobalSection
EndGlobal
